// !$*UTF8*$!
{
	archiveVersion = 1;
	classes = {
	};
	objectVersion = 56;
	objects = {

/* Begin PBXBuildFile section */
		C40F9D4B2AF5613D00AD748C /* MainViewController.swift in Sources */ = {isa = PBXBuildFile; fileRef = C40F9D4A2AF5613D00AD748C /* MainViewController.swift */; };
		C40F9D502AF562F200AD748C /* MainViewModel.swift in Sources */ = {isa = PBXBuildFile; fileRef = C40F9D4F2AF562F200AD748C /* MainViewModel.swift */; };
		C40F9D542AF5635200AD748C /* DetailViewController.swift in Sources */ = {isa = PBXBuildFile; fileRef = C40F9D532AF5635200AD748C /* DetailViewController.swift */; };
		C40F9D582AF563AB00AD748C /* DetailViewModel.swift in Sources */ = {isa = PBXBuildFile; fileRef = C40F9D572AF563AB00AD748C /* DetailViewModel.swift */; };
		C40F9D5C2AF5677800AD748C /* APIMethods.swift in Sources */ = {isa = PBXBuildFile; fileRef = C40F9D5B2AF5677800AD748C /* APIMethods.swift */; };
		C40F9D5E2AF5678A00AD748C /* NetworkManager.swift in Sources */ = {isa = PBXBuildFile; fileRef = C40F9D5D2AF5678A00AD748C /* NetworkManager.swift */; };
		C40F9D612AF5683600AD748C /* Alamofire in Frameworks */ = {isa = PBXBuildFile; productRef = C40F9D602AF5683600AD748C /* Alamofire */; };
		C40F9D662AF57BDD00AD748C /* TvShowResponseModel.swift in Sources */ = {isa = PBXBuildFile; fileRef = C40F9D652AF57BDD00AD748C /* TvShowResponseModel.swift */; };
		C40F9D6B2AF58B4200AD748C /* MainCollectionHeader.swift in Sources */ = {isa = PBXBuildFile; fileRef = C40F9D6A2AF58B4200AD748C /* MainCollectionHeader.swift */; };
		C40F9D6F2AF58CF400AD748C /* UICollectionView+.swift in Sources */ = {isa = PBXBuildFile; fileRef = C40F9D6E2AF58CF400AD748C /* UICollectionView+.swift */; };
		C40F9D712AF58D5C00AD748C /* UICollectionReusableView+.swift in Sources */ = {isa = PBXBuildFile; fileRef = C40F9D702AF58D5C00AD748C /* UICollectionReusableView+.swift */; };
		C40F9D752AF595F800AD748C /* MainViewController.xib in Resources */ = {isa = PBXBuildFile; fileRef = C40F9D742AF595F800AD748C /* MainViewController.xib */; };
		C40F9D782AF61F3300AD748C /* VerticalCollectionCell.swift in Sources */ = {isa = PBXBuildFile; fileRef = C40F9D772AF61F3300AD748C /* VerticalCollectionCell.swift */; };
		C40F9D7A2AF61F4E00AD748C /* VerticalCollectionCell.xib in Resources */ = {isa = PBXBuildFile; fileRef = C40F9D792AF61F4E00AD748C /* VerticalCollectionCell.xib */; };
		C40F9D7C2AF61FBB00AD748C /* MainCollectionHeader.xib in Resources */ = {isa = PBXBuildFile; fileRef = C40F9D7B2AF61FBB00AD748C /* MainCollectionHeader.xib */; };
		C40F9D7E2AF6205B00AD748C /* DetailViewController.xib in Resources */ = {isa = PBXBuildFile; fileRef = C40F9D7D2AF6205B00AD748C /* DetailViewController.xib */; };
		C40F9D812AF621D200AD748C /* HorizontalCollectionCell.swift in Sources */ = {isa = PBXBuildFile; fileRef = C40F9D802AF621D200AD748C /* HorizontalCollectionCell.swift */; };
		C40F9D832AF621FA00AD748C /* HorizontalCollectionCell.xib in Resources */ = {isa = PBXBuildFile; fileRef = C40F9D822AF621FA00AD748C /* HorizontalCollectionCell.xib */; };
		C40F9D862AF643DD00AD748C /* ListArguments.swift in Sources */ = {isa = PBXBuildFile; fileRef = C40F9D852AF643DD00AD748C /* ListArguments.swift */; };
		C40F9D882AF653E000AD748C /* VerticalCellViewModel.swift in Sources */ = {isa = PBXBuildFile; fileRef = C40F9D872AF653E000AD748C /* VerticalCellViewModel.swift */; };
		C40F9D8B2AF65ECF00AD748C /* Kingfisher in Frameworks */ = {isa = PBXBuildFile; productRef = C40F9D8A2AF65ECF00AD748C /* Kingfisher */; };
		C40F9D8D2AF6600000AD748C /* UIView+.swift in Sources */ = {isa = PBXBuildFile; fileRef = C40F9D8C2AF6600000AD748C /* UIView+.swift */; };
		C40F9D8F2AF679CF00AD748C /* TvShowDetailResponseModel.swift in Sources */ = {isa = PBXBuildFile; fileRef = C40F9D8E2AF679CF00AD748C /* TvShowDetailResponseModel.swift */; };
		C40F9D932AF6B2A300AD748C /* UIViewController+.swift in Sources */ = {isa = PBXBuildFile; fileRef = C40F9D922AF6B2A300AD748C /* UIViewController+.swift */; };
		C40F9D952AF6BCC300AD748C /* String+.swift in Sources */ = {isa = PBXBuildFile; fileRef = C40F9D942AF6BCC300AD748C /* String+.swift */; };
		C40F9D972AF6F30100AD748C /* AlertPresentable.swift in Sources */ = {isa = PBXBuildFile; fileRef = C40F9D962AF6F30100AD748C /* AlertPresentable.swift */; };
		C40F9D992AF780EC00AD748C /* Keys.plist in Resources */ = {isa = PBXBuildFile; fileRef = C40F9D982AF780EC00AD748C /* Keys.plist */; };
		C4A8FA292AF55F0B005F1C1D /* AppDelegate.swift in Sources */ = {isa = PBXBuildFile; fileRef = C4A8FA282AF55F0B005F1C1D /* AppDelegate.swift */; };
		C4A8FA2B2AF55F0B005F1C1D /* SceneDelegate.swift in Sources */ = {isa = PBXBuildFile; fileRef = C4A8FA2A2AF55F0B005F1C1D /* SceneDelegate.swift */; };
		C4A8FA322AF55F0C005F1C1D /* Assets.xcassets in Resources */ = {isa = PBXBuildFile; fileRef = C4A8FA312AF55F0C005F1C1D /* Assets.xcassets */; };
		C4A8FA352AF55F0C005F1C1D /* LaunchScreen.storyboard in Resources */ = {isa = PBXBuildFile; fileRef = C4A8FA332AF55F0C005F1C1D /* LaunchScreen.storyboard */; };
		C4A8FA4A2AF55F0C005F1C1D /* MovieListChallengeUITests.swift in Sources */ = {isa = PBXBuildFile; fileRef = C4A8FA492AF55F0C005F1C1D /* MovieListChallengeUITests.swift */; };
		C4A8FA4C2AF55F0C005F1C1D /* MovieListChallengeUITestsLaunchTests.swift in Sources */ = {isa = PBXBuildFile; fileRef = C4A8FA4B2AF55F0C005F1C1D /* MovieListChallengeUITestsLaunchTests.swift */; };
		C4C143102AF8E1A100CA7460 /* MovieListViewModelTest.swift in Sources */ = {isa = PBXBuildFile; fileRef = C4C1430F2AF8E1A100CA7460 /* MovieListViewModelTest.swift */; };
		C4C143122AF8E2A500CA7460 /* MockMainViewController.swift in Sources */ = {isa = PBXBuildFile; fileRef = C4C143112AF8E2A500CA7460 /* MockMainViewController.swift */; };
		C4C143142AF8E51900CA7460 /* MockNetworkManager.swift in Sources */ = {isa = PBXBuildFile; fileRef = C4C143132AF8E51900CA7460 /* MockNetworkManager.swift */; };
		C4C143192AF9263900CA7460 /* DetailViewModelTest.swift in Sources */ = {isa = PBXBuildFile; fileRef = C4C143182AF9263900CA7460 /* DetailViewModelTest.swift */; };
		C4C1431B2AF926A700CA7460 /* MockDetailViewController.swift in Sources */ = {isa = PBXBuildFile; fileRef = C4C1431A2AF926A700CA7460 /* MockDetailViewController.swift */; };
		C4C1431D2AF948C300CA7460 /* VerticalCellViewModelTest.swift in Sources */ = {isa = PBXBuildFile; fileRef = C4C1431C2AF948C300CA7460 /* VerticalCellViewModelTest.swift */; };
		C4C143202AF9493D00CA7460 /* MockVerticalCellView.swift in Sources */ = {isa = PBXBuildFile; fileRef = C4C1431F2AF9493D00CA7460 /* MockVerticalCellView.swift */; };
/* End PBXBuildFile section */

/* Begin PBXContainerItemProxy section */
		C4A8FA3C2AF55F0C005F1C1D /* PBXContainerItemProxy */ = {
			isa = PBXContainerItemProxy;
			containerPortal = C4A8FA1D2AF55F0B005F1C1D /* Project object */;
			proxyType = 1;
			remoteGlobalIDString = C4A8FA242AF55F0B005F1C1D;
			remoteInfo = MovieListChallenge;
		};
		C4A8FA462AF55F0C005F1C1D /* PBXContainerItemProxy */ = {
			isa = PBXContainerItemProxy;
			containerPortal = C4A8FA1D2AF55F0B005F1C1D /* Project object */;
			proxyType = 1;
			remoteGlobalIDString = C4A8FA242AF55F0B005F1C1D;
			remoteInfo = MovieListChallenge;
		};
/* End PBXContainerItemProxy section */

/* Begin PBXFileReference section */
		C40F9D4A2AF5613D00AD748C /* MainViewController.swift */ = {isa = PBXFileReference; lastKnownFileType = sourcecode.swift; path = MainViewController.swift; sourceTree = "<group>"; };
		C40F9D4F2AF562F200AD748C /* MainViewModel.swift */ = {isa = PBXFileReference; lastKnownFileType = sourcecode.swift; path = MainViewModel.swift; sourceTree = "<group>"; };
		C40F9D532AF5635200AD748C /* DetailViewController.swift */ = {isa = PBXFileReference; lastKnownFileType = sourcecode.swift; path = DetailViewController.swift; sourceTree = "<group>"; };
		C40F9D572AF563AB00AD748C /* DetailViewModel.swift */ = {isa = PBXFileReference; lastKnownFileType = sourcecode.swift; path = DetailViewModel.swift; sourceTree = "<group>"; };
		C40F9D5B2AF5677800AD748C /* APIMethods.swift */ = {isa = PBXFileReference; lastKnownFileType = sourcecode.swift; path = APIMethods.swift; sourceTree = "<group>"; };
		C40F9D5D2AF5678A00AD748C /* NetworkManager.swift */ = {isa = PBXFileReference; lastKnownFileType = sourcecode.swift; path = NetworkManager.swift; sourceTree = "<group>"; };
		C40F9D652AF57BDD00AD748C /* TvShowResponseModel.swift */ = {isa = PBXFileReference; lastKnownFileType = sourcecode.swift; path = TvShowResponseModel.swift; sourceTree = "<group>"; };
		C40F9D6A2AF58B4200AD748C /* MainCollectionHeader.swift */ = {isa = PBXFileReference; lastKnownFileType = sourcecode.swift; path = MainCollectionHeader.swift; sourceTree = "<group>"; };
		C40F9D6E2AF58CF400AD748C /* UICollectionView+.swift */ = {isa = PBXFileReference; lastKnownFileType = sourcecode.swift; path = "UICollectionView+.swift"; sourceTree = "<group>"; };
		C40F9D702AF58D5C00AD748C /* UICollectionReusableView+.swift */ = {isa = PBXFileReference; lastKnownFileType = sourcecode.swift; path = "UICollectionReusableView+.swift"; sourceTree = "<group>"; };
		C40F9D742AF595F800AD748C /* MainViewController.xib */ = {isa = PBXFileReference; lastKnownFileType = file.xib; path = MainViewController.xib; sourceTree = "<group>"; };
		C40F9D772AF61F3300AD748C /* VerticalCollectionCell.swift */ = {isa = PBXFileReference; lastKnownFileType = sourcecode.swift; path = VerticalCollectionCell.swift; sourceTree = "<group>"; };
		C40F9D792AF61F4E00AD748C /* VerticalCollectionCell.xib */ = {isa = PBXFileReference; lastKnownFileType = file.xib; path = VerticalCollectionCell.xib; sourceTree = "<group>"; };
		C40F9D7B2AF61FBB00AD748C /* MainCollectionHeader.xib */ = {isa = PBXFileReference; lastKnownFileType = file.xib; path = MainCollectionHeader.xib; sourceTree = "<group>"; };
		C40F9D7D2AF6205B00AD748C /* DetailViewController.xib */ = {isa = PBXFileReference; lastKnownFileType = file.xib; path = DetailViewController.xib; sourceTree = "<group>"; };
		C40F9D802AF621D200AD748C /* HorizontalCollectionCell.swift */ = {isa = PBXFileReference; lastKnownFileType = sourcecode.swift; path = HorizontalCollectionCell.swift; sourceTree = "<group>"; };
		C40F9D822AF621FA00AD748C /* HorizontalCollectionCell.xib */ = {isa = PBXFileReference; lastKnownFileType = file.xib; path = HorizontalCollectionCell.xib; sourceTree = "<group>"; };
		C40F9D852AF643DD00AD748C /* ListArguments.swift */ = {isa = PBXFileReference; lastKnownFileType = sourcecode.swift; path = ListArguments.swift; sourceTree = "<group>"; };
		C40F9D872AF653E000AD748C /* VerticalCellViewModel.swift */ = {isa = PBXFileReference; lastKnownFileType = sourcecode.swift; path = VerticalCellViewModel.swift; sourceTree = "<group>"; };
		C40F9D8C2AF6600000AD748C /* UIView+.swift */ = {isa = PBXFileReference; lastKnownFileType = sourcecode.swift; path = "UIView+.swift"; sourceTree = "<group>"; };
		C40F9D8E2AF679CF00AD748C /* TvShowDetailResponseModel.swift */ = {isa = PBXFileReference; lastKnownFileType = sourcecode.swift; path = TvShowDetailResponseModel.swift; sourceTree = "<group>"; };
		C40F9D922AF6B2A300AD748C /* UIViewController+.swift */ = {isa = PBXFileReference; lastKnownFileType = sourcecode.swift; path = "UIViewController+.swift"; sourceTree = "<group>"; };
		C40F9D942AF6BCC300AD748C /* String+.swift */ = {isa = PBXFileReference; lastKnownFileType = sourcecode.swift; path = "String+.swift"; sourceTree = "<group>"; };
		C40F9D962AF6F30100AD748C /* AlertPresentable.swift */ = {isa = PBXFileReference; lastKnownFileType = sourcecode.swift; path = AlertPresentable.swift; sourceTree = "<group>"; };
		C40F9D982AF780EC00AD748C /* Keys.plist */ = {isa = PBXFileReference; lastKnownFileType = text.plist.xml; path = Keys.plist; sourceTree = "<group>"; };
		C4A8FA252AF55F0B005F1C1D /* MovieListChallenge.app */ = {isa = PBXFileReference; explicitFileType = wrapper.application; includeInIndex = 0; path = MovieListChallenge.app; sourceTree = BUILT_PRODUCTS_DIR; };
		C4A8FA282AF55F0B005F1C1D /* AppDelegate.swift */ = {isa = PBXFileReference; lastKnownFileType = sourcecode.swift; path = AppDelegate.swift; sourceTree = "<group>"; };
		C4A8FA2A2AF55F0B005F1C1D /* SceneDelegate.swift */ = {isa = PBXFileReference; lastKnownFileType = sourcecode.swift; path = SceneDelegate.swift; sourceTree = "<group>"; };
		C4A8FA312AF55F0C005F1C1D /* Assets.xcassets */ = {isa = PBXFileReference; lastKnownFileType = folder.assetcatalog; path = Assets.xcassets; sourceTree = "<group>"; };
		C4A8FA342AF55F0C005F1C1D /* Base */ = {isa = PBXFileReference; lastKnownFileType = file.storyboard; name = Base; path = Base.lproj/LaunchScreen.storyboard; sourceTree = "<group>"; };
		C4A8FA362AF55F0C005F1C1D /* Info.plist */ = {isa = PBXFileReference; lastKnownFileType = text.plist.xml; path = Info.plist; sourceTree = "<group>"; };
		C4A8FA3B2AF55F0C005F1C1D /* MovieListChallengeTests.xctest */ = {isa = PBXFileReference; explicitFileType = wrapper.cfbundle; includeInIndex = 0; path = MovieListChallengeTests.xctest; sourceTree = BUILT_PRODUCTS_DIR; };
		C4A8FA452AF55F0C005F1C1D /* MovieListChallengeUITests.xctest */ = {isa = PBXFileReference; explicitFileType = wrapper.cfbundle; includeInIndex = 0; path = MovieListChallengeUITests.xctest; sourceTree = BUILT_PRODUCTS_DIR; };
		C4A8FA492AF55F0C005F1C1D /* MovieListChallengeUITests.swift */ = {isa = PBXFileReference; lastKnownFileType = sourcecode.swift; path = MovieListChallengeUITests.swift; sourceTree = "<group>"; };
		C4A8FA4B2AF55F0C005F1C1D /* MovieListChallengeUITestsLaunchTests.swift */ = {isa = PBXFileReference; lastKnownFileType = sourcecode.swift; path = MovieListChallengeUITestsLaunchTests.swift; sourceTree = "<group>"; };
		C4C1430F2AF8E1A100CA7460 /* MovieListViewModelTest.swift */ = {isa = PBXFileReference; lastKnownFileType = sourcecode.swift; path = MovieListViewModelTest.swift; sourceTree = "<group>"; };
		C4C143112AF8E2A500CA7460 /* MockMainViewController.swift */ = {isa = PBXFileReference; lastKnownFileType = sourcecode.swift; path = MockMainViewController.swift; sourceTree = "<group>"; };
		C4C143132AF8E51900CA7460 /* MockNetworkManager.swift */ = {isa = PBXFileReference; lastKnownFileType = sourcecode.swift; path = MockNetworkManager.swift; sourceTree = "<group>"; };
		C4C143182AF9263900CA7460 /* DetailViewModelTest.swift */ = {isa = PBXFileReference; lastKnownFileType = sourcecode.swift; path = DetailViewModelTest.swift; sourceTree = "<group>"; };
		C4C1431A2AF926A700CA7460 /* MockDetailViewController.swift */ = {isa = PBXFileReference; lastKnownFileType = sourcecode.swift; path = MockDetailViewController.swift; sourceTree = "<group>"; };
		C4C1431C2AF948C300CA7460 /* VerticalCellViewModelTest.swift */ = {isa = PBXFileReference; lastKnownFileType = sourcecode.swift; path = VerticalCellViewModelTest.swift; sourceTree = "<group>"; };
		C4C1431F2AF9493D00CA7460 /* MockVerticalCellView.swift */ = {isa = PBXFileReference; lastKnownFileType = sourcecode.swift; path = MockVerticalCellView.swift; sourceTree = "<group>"; };
/* End PBXFileReference section */

/* Begin PBXFrameworksBuildPhase section */
		C4A8FA222AF55F0B005F1C1D /* Frameworks */ = {
			isa = PBXFrameworksBuildPhase;
			buildActionMask = 2147483647;
			files = (
				C40F9D8B2AF65ECF00AD748C /* Kingfisher in Frameworks */,
				C40F9D612AF5683600AD748C /* Alamofire in Frameworks */,
			);
			runOnlyForDeploymentPostprocessing = 0;
		};
		C4A8FA382AF55F0C005F1C1D /* Frameworks */ = {
			isa = PBXFrameworksBuildPhase;
			buildActionMask = 2147483647;
			files = (
			);
			runOnlyForDeploymentPostprocessing = 0;
		};
		C4A8FA422AF55F0C005F1C1D /* Frameworks */ = {
			isa = PBXFrameworksBuildPhase;
			buildActionMask = 2147483647;
			files = (
			);
			runOnlyForDeploymentPostprocessing = 0;
		};
/* End PBXFrameworksBuildPhase section */

/* Begin PBXGroup section */
		C40F9D462AF5608800AD748C /* Application */ = {
			isa = PBXGroup;
			children = (
				C4A8FA282AF55F0B005F1C1D /* AppDelegate.swift */,
				C4A8FA2A2AF55F0B005F1C1D /* SceneDelegate.swift */,
			);
			path = Application;
			sourceTree = "<group>";
		};
		C40F9D472AF560D400AD748C /* Supporting Files */ = {
			isa = PBXGroup;
			children = (
				C4A8FA332AF55F0C005F1C1D /* LaunchScreen.storyboard */,
				C4A8FA362AF55F0C005F1C1D /* Info.plist */,
				C40F9D982AF780EC00AD748C /* Keys.plist */,
			);
			path = "Supporting Files";
			sourceTree = "<group>";
		};
		C40F9D482AF560E400AD748C /* Resources */ = {
			isa = PBXGroup;
			children = (
				C4A8FA312AF55F0C005F1C1D /* Assets.xcassets */,
			);
			path = Resources;
			sourceTree = "<group>";
		};
		C40F9D492AF560FA00AD748C /* Scenes */ = {
			isa = PBXGroup;
			children = (
				C40F9D4E2AF562D600AD748C /* Main Page */,
				C40F9D522AF5633600AD748C /* Detail Page */,
			);
			name = Scenes;
			sourceTree = "<group>";
		};
		C40F9D4E2AF562D600AD748C /* Main Page */ = {
			isa = PBXGroup;
			children = (
				C40F9D6C2AF58CB500AD748C /* Header */,
				C40F9D692AF58AA700AD748C /* Vertical Cell */,
				C40F9D4A2AF5613D00AD748C /* MainViewController.swift */,
				C40F9D742AF595F800AD748C /* MainViewController.xib */,
				C40F9D4F2AF562F200AD748C /* MainViewModel.swift */,
			);
			name = "Main Page";
			sourceTree = "<group>";
		};
		C40F9D522AF5633600AD748C /* Detail Page */ = {
			isa = PBXGroup;
			children = (
				C40F9D532AF5635200AD748C /* DetailViewController.swift */,
				C40F9D7D2AF6205B00AD748C /* DetailViewController.xib */,
				C40F9D572AF563AB00AD748C /* DetailViewModel.swift */,
			);
			path = "Detail Page";
			sourceTree = "<group>";
		};
		C40F9D5A2AF5673100AD748C /* Network Layer */ = {
			isa = PBXGroup;
			children = (
				C40F9D5B2AF5677800AD748C /* APIMethods.swift */,
				C40F9D5D2AF5678A00AD748C /* NetworkManager.swift */,
			);
			name = "Network Layer";
			sourceTree = "<group>";
		};
		C40F9D642AF57BCF00AD748C /* Model */ = {
			isa = PBXGroup;
			children = (
				C40F9D652AF57BDD00AD748C /* TvShowResponseModel.swift */,
				C40F9D8E2AF679CF00AD748C /* TvShowDetailResponseModel.swift */,
			);
			name = Model;
			sourceTree = "<group>";
		};
		C40F9D692AF58AA700AD748C /* Vertical Cell */ = {
			isa = PBXGroup;
			children = (
				C40F9D7F2AF620F000AD748C /* Horizontal Cell */,
				C40F9D772AF61F3300AD748C /* VerticalCollectionCell.swift */,
				C40F9D792AF61F4E00AD748C /* VerticalCollectionCell.xib */,
				C40F9D872AF653E000AD748C /* VerticalCellViewModel.swift */,
			);
			name = "Vertical Cell";
			sourceTree = "<group>";
		};
		C40F9D6C2AF58CB500AD748C /* Header */ = {
			isa = PBXGroup;
			children = (
				C40F9D6A2AF58B4200AD748C /* MainCollectionHeader.swift */,
				C40F9D7B2AF61FBB00AD748C /* MainCollectionHeader.xib */,
			);
			name = Header;
			sourceTree = "<group>";
		};
		C40F9D6D2AF58CE400AD748C /* Extension */ = {
			isa = PBXGroup;
			children = (
				C40F9D6E2AF58CF400AD748C /* UICollectionView+.swift */,
				C40F9D702AF58D5C00AD748C /* UICollectionReusableView+.swift */,
				C40F9D8C2AF6600000AD748C /* UIView+.swift */,
				C40F9D922AF6B2A300AD748C /* UIViewController+.swift */,
				C40F9D942AF6BCC300AD748C /* String+.swift */,
			);
			name = Extension;
			sourceTree = "<group>";
		};
		C40F9D7F2AF620F000AD748C /* Horizontal Cell */ = {
			isa = PBXGroup;
			children = (
				C40F9D802AF621D200AD748C /* HorizontalCollectionCell.swift */,
				C40F9D822AF621FA00AD748C /* HorizontalCollectionCell.xib */,
			);
			path = "Horizontal Cell";
			sourceTree = "<group>";
		};
		C40F9D842AF643CD00AD748C /* Utilities */ = {
			isa = PBXGroup;
			children = (
				C40F9D852AF643DD00AD748C /* ListArguments.swift */,
				C40F9D962AF6F30100AD748C /* AlertPresentable.swift */,
			);
			path = Utilities;
			sourceTree = "<group>";
		};
		C4A8FA1C2AF55F0B005F1C1D = {
			isa = PBXGroup;
			children = (
				C4A8FA272AF55F0B005F1C1D /* MovieListChallenge */,
				C4A8FA3E2AF55F0C005F1C1D /* MovieListChallengeTests */,
				C4A8FA482AF55F0C005F1C1D /* MovieListChallengeUITests */,
				C4A8FA262AF55F0B005F1C1D /* Products */,
			);
			sourceTree = "<group>";
		};
		C4A8FA262AF55F0B005F1C1D /* Products */ = {
			isa = PBXGroup;
			children = (
				C4A8FA252AF55F0B005F1C1D /* MovieListChallenge.app */,
				C4A8FA3B2AF55F0C005F1C1D /* MovieListChallengeTests.xctest */,
				C4A8FA452AF55F0C005F1C1D /* MovieListChallengeUITests.xctest */,
			);
			name = Products;
			sourceTree = "<group>";
		};
		C4A8FA272AF55F0B005F1C1D /* MovieListChallenge */ = {
			isa = PBXGroup;
			children = (
				C40F9D842AF643CD00AD748C /* Utilities */,
				C40F9D6D2AF58CE400AD748C /* Extension */,
				C40F9D642AF57BCF00AD748C /* Model */,
				C40F9D5A2AF5673100AD748C /* Network Layer */,
				C40F9D492AF560FA00AD748C /* Scenes */,
				C40F9D472AF560D400AD748C /* Supporting Files */,
				C40F9D482AF560E400AD748C /* Resources */,
				C40F9D462AF5608800AD748C /* Application */,
			);
			path = MovieListChallenge;
			sourceTree = "<group>";
		};
		C4A8FA3E2AF55F0C005F1C1D /* MovieListChallengeTests */ = {
			isa = PBXGroup;
			children = (
				C4C143162AF9254600CA7460 /* Mock Network Layer */,
				C4C143152AF9251F00CA7460 /* Main Page Tests */,
				C4C143172AF9261300CA7460 /* Detail Page Tests */,
			);
			path = MovieListChallengeTests;
			sourceTree = "<group>";
		};
		C4A8FA482AF55F0C005F1C1D /* MovieListChallengeUITests */ = {
			isa = PBXGroup;
			children = (
				C4A8FA492AF55F0C005F1C1D /* MovieListChallengeUITests.swift */,
				C4A8FA4B2AF55F0C005F1C1D /* MovieListChallengeUITestsLaunchTests.swift */,
			);
			path = MovieListChallengeUITests;
			sourceTree = "<group>";
		};
		C4C143152AF9251F00CA7460 /* Main Page Tests */ = {
			isa = PBXGroup;
			children = (
				C4C1431E2AF948CE00CA7460 /* Vertical Cell Test */,
				C4C1430F2AF8E1A100CA7460 /* MovieListViewModelTest.swift */,
				C4C143112AF8E2A500CA7460 /* MockMainViewController.swift */,
			);
			path = "Main Page Tests";
			sourceTree = "<group>";
		};
		C4C143162AF9254600CA7460 /* Mock Network Layer */ = {
			isa = PBXGroup;
			children = (
				C4C143132AF8E51900CA7460 /* MockNetworkManager.swift */,
			);
			name = "Mock Network Layer";
			sourceTree = "<group>";
		};
		C4C143172AF9261300CA7460 /* Detail Page Tests */ = {
			isa = PBXGroup;
			children = (
				C4C143182AF9263900CA7460 /* DetailViewModelTest.swift */,
				C4C1431A2AF926A700CA7460 /* MockDetailViewController.swift */,
			);
			name = "Detail Page Tests";
			sourceTree = "<group>";
		};
		C4C1431E2AF948CE00CA7460 /* Vertical Cell Test */ = {
			isa = PBXGroup;
			children = (
				C4C1431C2AF948C300CA7460 /* VerticalCellViewModelTest.swift */,
				C4C1431F2AF9493D00CA7460 /* MockVerticalCellView.swift */,
			);
			path = "Vertical Cell Test";
			sourceTree = "<group>";
		};
/* End PBXGroup section */

/* Begin PBXNativeTarget section */
		C4A8FA242AF55F0B005F1C1D /* MovieListChallenge */ = {
			isa = PBXNativeTarget;
			buildConfigurationList = C4A8FA4F2AF55F0C005F1C1D /* Build configuration list for PBXNativeTarget "MovieListChallenge" */;
			buildPhases = (
				C4A8FA212AF55F0B005F1C1D /* Sources */,
				C4A8FA222AF55F0B005F1C1D /* Frameworks */,
				C4A8FA232AF55F0B005F1C1D /* Resources */,
			);
			buildRules = (
			);
			dependencies = (
			);
			name = MovieListChallenge;
			packageProductDependencies = (
				C40F9D602AF5683600AD748C /* Alamofire */,
				C40F9D8A2AF65ECF00AD748C /* Kingfisher */,
			);
			productName = MovieListChallenge;
			productReference = C4A8FA252AF55F0B005F1C1D /* MovieListChallenge.app */;
			productType = "com.apple.product-type.application";
		};
		C4A8FA3A2AF55F0C005F1C1D /* MovieListChallengeTests */ = {
			isa = PBXNativeTarget;
			buildConfigurationList = C4A8FA522AF55F0C005F1C1D /* Build configuration list for PBXNativeTarget "MovieListChallengeTests" */;
			buildPhases = (
				C4A8FA372AF55F0C005F1C1D /* Sources */,
				C4A8FA382AF55F0C005F1C1D /* Frameworks */,
				C4A8FA392AF55F0C005F1C1D /* Resources */,
			);
			buildRules = (
			);
			dependencies = (
				C4A8FA3D2AF55F0C005F1C1D /* PBXTargetDependency */,
			);
			name = MovieListChallengeTests;
			productName = MovieListChallengeTests;
			productReference = C4A8FA3B2AF55F0C005F1C1D /* MovieListChallengeTests.xctest */;
			productType = "com.apple.product-type.bundle.unit-test";
		};
		C4A8FA442AF55F0C005F1C1D /* MovieListChallengeUITests */ = {
			isa = PBXNativeTarget;
			buildConfigurationList = C4A8FA552AF55F0C005F1C1D /* Build configuration list for PBXNativeTarget "MovieListChallengeUITests" */;
			buildPhases = (
				C4A8FA412AF55F0C005F1C1D /* Sources */,
				C4A8FA422AF55F0C005F1C1D /* Frameworks */,
				C4A8FA432AF55F0C005F1C1D /* Resources */,
			);
			buildRules = (
			);
			dependencies = (
				C4A8FA472AF55F0C005F1C1D /* PBXTargetDependency */,
			);
			name = MovieListChallengeUITests;
			productName = MovieListChallengeUITests;
			productReference = C4A8FA452AF55F0C005F1C1D /* MovieListChallengeUITests.xctest */;
			productType = "com.apple.product-type.bundle.ui-testing";
		};
/* End PBXNativeTarget section */

/* Begin PBXProject section */
		C4A8FA1D2AF55F0B005F1C1D /* Project object */ = {
			isa = PBXProject;
			attributes = {
				BuildIndependentTargetsInParallel = 1;
				LastSwiftUpdateCheck = 1430;
				LastUpgradeCheck = 1430;
				TargetAttributes = {
					C4A8FA242AF55F0B005F1C1D = {
						CreatedOnToolsVersion = 14.3;
					};
					C4A8FA3A2AF55F0C005F1C1D = {
						CreatedOnToolsVersion = 14.3;
						TestTargetID = C4A8FA242AF55F0B005F1C1D;
					};
					C4A8FA442AF55F0C005F1C1D = {
						CreatedOnToolsVersion = 14.3;
						TestTargetID = C4A8FA242AF55F0B005F1C1D;
					};
				};
			};
			buildConfigurationList = C4A8FA202AF55F0B005F1C1D /* Build configuration list for PBXProject "MovieListChallenge" */;
			compatibilityVersion = "Xcode 14.0";
			developmentRegion = en;
			hasScannedForEncodings = 0;
			knownRegions = (
				en,
				Base,
			);
			mainGroup = C4A8FA1C2AF55F0B005F1C1D;
			packageReferences = (
				C40F9D5F2AF5683600AD748C /* XCRemoteSwiftPackageReference "Alamofire" */,
				C40F9D892AF65ECF00AD748C /* XCRemoteSwiftPackageReference "Kingfisher" */,
			);
			productRefGroup = C4A8FA262AF55F0B005F1C1D /* Products */;
			projectDirPath = "";
			projectRoot = "";
			targets = (
				C4A8FA242AF55F0B005F1C1D /* MovieListChallenge */,
				C4A8FA3A2AF55F0C005F1C1D /* MovieListChallengeTests */,
				C4A8FA442AF55F0C005F1C1D /* MovieListChallengeUITests */,
			);
		};
/* End PBXProject section */

/* Begin PBXResourcesBuildPhase section */
		C4A8FA232AF55F0B005F1C1D /* Resources */ = {
			isa = PBXResourcesBuildPhase;
			buildActionMask = 2147483647;
			files = (
				C40F9D992AF780EC00AD748C /* Keys.plist in Resources */,
				C40F9D7C2AF61FBB00AD748C /* MainCollectionHeader.xib in Resources */,
				C40F9D7E2AF6205B00AD748C /* DetailViewController.xib in Resources */,
				C40F9D832AF621FA00AD748C /* HorizontalCollectionCell.xib in Resources */,
				C40F9D7A2AF61F4E00AD748C /* VerticalCollectionCell.xib in Resources */,
				C4A8FA352AF55F0C005F1C1D /* LaunchScreen.storyboard in Resources */,
				C40F9D752AF595F800AD748C /* MainViewController.xib in Resources */,
				C4A8FA322AF55F0C005F1C1D /* Assets.xcassets in Resources */,
			);
			runOnlyForDeploymentPostprocessing = 0;
		};
		C4A8FA392AF55F0C005F1C1D /* Resources */ = {
			isa = PBXResourcesBuildPhase;
			buildActionMask = 2147483647;
			files = (
			);
			runOnlyForDeploymentPostprocessing = 0;
		};
		C4A8FA432AF55F0C005F1C1D /* Resources */ = {
			isa = PBXResourcesBuildPhase;
			buildActionMask = 2147483647;
			files = (
			);
			runOnlyForDeploymentPostprocessing = 0;
		};
/* End PBXResourcesBuildPhase section */

/* Begin PBXSourcesBuildPhase section */
		C4A8FA212AF55F0B005F1C1D /* Sources */ = {
			isa = PBXSourcesBuildPhase;
			buildActionMask = 2147483647;
			files = (
				C40F9D6F2AF58CF400AD748C /* UICollectionView+.swift in Sources */,
				C40F9D862AF643DD00AD748C /* ListArguments.swift in Sources */,
				C40F9D972AF6F30100AD748C /* AlertPresentable.swift in Sources */,
				C40F9D932AF6B2A300AD748C /* UIViewController+.swift in Sources */,
				C40F9D4B2AF5613D00AD748C /* MainViewController.swift in Sources */,
				C40F9D582AF563AB00AD748C /* DetailViewModel.swift in Sources */,
				C4A8FA292AF55F0B005F1C1D /* AppDelegate.swift in Sources */,
				C40F9D712AF58D5C00AD748C /* UICollectionReusableView+.swift in Sources */,
				C40F9D8D2AF6600000AD748C /* UIView+.swift in Sources */,
				C40F9D812AF621D200AD748C /* HorizontalCollectionCell.swift in Sources */,
				C40F9D542AF5635200AD748C /* DetailViewController.swift in Sources */,
				C40F9D782AF61F3300AD748C /* VerticalCollectionCell.swift in Sources */,
				C40F9D5E2AF5678A00AD748C /* NetworkManager.swift in Sources */,
				C40F9D882AF653E000AD748C /* VerticalCellViewModel.swift in Sources */,
				C4A8FA2B2AF55F0B005F1C1D /* SceneDelegate.swift in Sources */,
				C40F9D8F2AF679CF00AD748C /* TvShowDetailResponseModel.swift in Sources */,
				C40F9D662AF57BDD00AD748C /* TvShowResponseModel.swift in Sources */,
				C40F9D5C2AF5677800AD748C /* APIMethods.swift in Sources */,
				C40F9D502AF562F200AD748C /* MainViewModel.swift in Sources */,
				C40F9D952AF6BCC300AD748C /* String+.swift in Sources */,
				C40F9D6B2AF58B4200AD748C /* MainCollectionHeader.swift in Sources */,
			);
			runOnlyForDeploymentPostprocessing = 0;
		};
		C4A8FA372AF55F0C005F1C1D /* Sources */ = {
			isa = PBXSourcesBuildPhase;
			buildActionMask = 2147483647;
			files = (
				C4C143102AF8E1A100CA7460 /* MovieListViewModelTest.swift in Sources */,
				C4C143142AF8E51900CA7460 /* MockNetworkManager.swift in Sources */,
				C4C143202AF9493D00CA7460 /* MockVerticalCellView.swift in Sources */,
				C4C1431B2AF926A700CA7460 /* MockDetailViewController.swift in Sources */,
				C4C143122AF8E2A500CA7460 /* MockMainViewController.swift in Sources */,
				C4C1431D2AF948C300CA7460 /* VerticalCellViewModelTest.swift in Sources */,
				C4C143192AF9263900CA7460 /* DetailViewModelTest.swift in Sources */,
			);
			runOnlyForDeploymentPostprocessing = 0;
		};
		C4A8FA412AF55F0C005F1C1D /* Sources */ = {
			isa = PBXSourcesBuildPhase;
			buildActionMask = 2147483647;
			files = (
				C4A8FA4A2AF55F0C005F1C1D /* MovieListChallengeUITests.swift in Sources */,
				C4A8FA4C2AF55F0C005F1C1D /* MovieListChallengeUITestsLaunchTests.swift in Sources */,
			);
			runOnlyForDeploymentPostprocessing = 0;
		};
/* End PBXSourcesBuildPhase section */

/* Begin PBXTargetDependency section */
		C4A8FA3D2AF55F0C005F1C1D /* PBXTargetDependency */ = {
			isa = PBXTargetDependency;
			target = C4A8FA242AF55F0B005F1C1D /* MovieListChallenge */;
			targetProxy = C4A8FA3C2AF55F0C005F1C1D /* PBXContainerItemProxy */;
		};
		C4A8FA472AF55F0C005F1C1D /* PBXTargetDependency */ = {
			isa = PBXTargetDependency;
			target = C4A8FA242AF55F0B005F1C1D /* MovieListChallenge */;
			targetProxy = C4A8FA462AF55F0C005F1C1D /* PBXContainerItemProxy */;
		};
/* End PBXTargetDependency section */

/* Begin PBXVariantGroup section */
		C4A8FA332AF55F0C005F1C1D /* LaunchScreen.storyboard */ = {
			isa = PBXVariantGroup;
			children = (
				C4A8FA342AF55F0C005F1C1D /* Base */,
			);
			name = LaunchScreen.storyboard;
			sourceTree = "<group>";
		};
/* End PBXVariantGroup section */

/* Begin XCBuildConfiguration section */
		C4A8FA4D2AF55F0C005F1C1D /* Debug */ = {
			isa = XCBuildConfiguration;
			buildSettings = {
				ALWAYS_SEARCH_USER_PATHS = NO;
				CLANG_ANALYZER_NONNULL = YES;
				CLANG_ANALYZER_NUMBER_OBJECT_CONVERSION = YES_AGGRESSIVE;
				CLANG_CXX_LANGUAGE_STANDARD = "gnu++20";
				CLANG_ENABLE_MODULES = YES;
				CLANG_ENABLE_OBJC_ARC = YES;
				CLANG_ENABLE_OBJC_WEAK = YES;
				CLANG_WARN_BLOCK_CAPTURE_AUTORELEASING = YES;
				CLANG_WARN_BOOL_CONVERSION = YES;
				CLANG_WARN_COMMA = YES;
				CLANG_WARN_CONSTANT_CONVERSION = YES;
				CLANG_WARN_DEPRECATED_OBJC_IMPLEMENTATIONS = YES;
				CLANG_WARN_DIRECT_OBJC_ISA_USAGE = YES_ERROR;
				CLANG_WARN_DOCUMENTATION_COMMENTS = YES;
				CLANG_WARN_EMPTY_BODY = YES;
				CLANG_WARN_ENUM_CONVERSION = YES;
				CLANG_WARN_INFINITE_RECURSION = YES;
				CLANG_WARN_INT_CONVERSION = YES;
				CLANG_WARN_NON_LITERAL_NULL_CONVERSION = YES;
				CLANG_WARN_OBJC_IMPLICIT_RETAIN_SELF = YES;
				CLANG_WARN_OBJC_LITERAL_CONVERSION = YES;
				CLANG_WARN_OBJC_ROOT_CLASS = YES_ERROR;
				CLANG_WARN_QUOTED_INCLUDE_IN_FRAMEWORK_HEADER = YES;
				CLANG_WARN_RANGE_LOOP_ANALYSIS = YES;
				CLANG_WARN_STRICT_PROTOTYPES = YES;
				CLANG_WARN_SUSPICIOUS_MOVE = YES;
				CLANG_WARN_UNGUARDED_AVAILABILITY = YES_AGGRESSIVE;
				CLANG_WARN_UNREACHABLE_CODE = YES;
				CLANG_WARN__DUPLICATE_METHOD_MATCH = YES;
				COPY_PHASE_STRIP = NO;
				DEBUG_INFORMATION_FORMAT = dwarf;
				ENABLE_STRICT_OBJC_MSGSEND = YES;
				ENABLE_TESTABILITY = YES;
				GCC_C_LANGUAGE_STANDARD = gnu11;
				GCC_DYNAMIC_NO_PIC = NO;
				GCC_NO_COMMON_BLOCKS = YES;
				GCC_OPTIMIZATION_LEVEL = 0;
				GCC_PREPROCESSOR_DEFINITIONS = (
					"DEBUG=1",
					"$(inherited)",
				);
				GCC_WARN_64_TO_32_BIT_CONVERSION = YES;
				GCC_WARN_ABOUT_RETURN_TYPE = YES_ERROR;
				GCC_WARN_UNDECLARED_SELECTOR = YES;
				GCC_WARN_UNINITIALIZED_AUTOS = YES_AGGRESSIVE;
				GCC_WARN_UNUSED_FUNCTION = YES;
				GCC_WARN_UNUSED_VARIABLE = YES;
				IPHONEOS_DEPLOYMENT_TARGET = 16.4;
				MTL_ENABLE_DEBUG_INFO = INCLUDE_SOURCE;
				MTL_FAST_MATH = YES;
				ONLY_ACTIVE_ARCH = YES;
				SDKROOT = iphoneos;
				SWIFT_ACTIVE_COMPILATION_CONDITIONS = DEBUG;
				SWIFT_OPTIMIZATION_LEVEL = "-Onone";
			};
			name = Debug;
		};
		C4A8FA4E2AF55F0C005F1C1D /* Release */ = {
			isa = XCBuildConfiguration;
			buildSettings = {
				ALWAYS_SEARCH_USER_PATHS = NO;
				CLANG_ANALYZER_NONNULL = YES;
				CLANG_ANALYZER_NUMBER_OBJECT_CONVERSION = YES_AGGRESSIVE;
				CLANG_CXX_LANGUAGE_STANDARD = "gnu++20";
				CLANG_ENABLE_MODULES = YES;
				CLANG_ENABLE_OBJC_ARC = YES;
				CLANG_ENABLE_OBJC_WEAK = YES;
				CLANG_WARN_BLOCK_CAPTURE_AUTORELEASING = YES;
				CLANG_WARN_BOOL_CONVERSION = YES;
				CLANG_WARN_COMMA = YES;
				CLANG_WARN_CONSTANT_CONVERSION = YES;
				CLANG_WARN_DEPRECATED_OBJC_IMPLEMENTATIONS = YES;
				CLANG_WARN_DIRECT_OBJC_ISA_USAGE = YES_ERROR;
				CLANG_WARN_DOCUMENTATION_COMMENTS = YES;
				CLANG_WARN_EMPTY_BODY = YES;
				CLANG_WARN_ENUM_CONVERSION = YES;
				CLANG_WARN_INFINITE_RECURSION = YES;
				CLANG_WARN_INT_CONVERSION = YES;
				CLANG_WARN_NON_LITERAL_NULL_CONVERSION = YES;
				CLANG_WARN_OBJC_IMPLICIT_RETAIN_SELF = YES;
				CLANG_WARN_OBJC_LITERAL_CONVERSION = YES;
				CLANG_WARN_OBJC_ROOT_CLASS = YES_ERROR;
				CLANG_WARN_QUOTED_INCLUDE_IN_FRAMEWORK_HEADER = YES;
				CLANG_WARN_RANGE_LOOP_ANALYSIS = YES;
				CLANG_WARN_STRICT_PROTOTYPES = YES;
				CLANG_WARN_SUSPICIOUS_MOVE = YES;
				CLANG_WARN_UNGUARDED_AVAILABILITY = YES_AGGRESSIVE;
				CLANG_WARN_UNREACHABLE_CODE = YES;
				CLANG_WARN__DUPLICATE_METHOD_MATCH = YES;
				COPY_PHASE_STRIP = NO;
				DEBUG_INFORMATION_FORMAT = "dwarf-with-dsym";
				ENABLE_NS_ASSERTIONS = NO;
				ENABLE_STRICT_OBJC_MSGSEND = YES;
				GCC_C_LANGUAGE_STANDARD = gnu11;
				GCC_NO_COMMON_BLOCKS = YES;
				GCC_WARN_64_TO_32_BIT_CONVERSION = YES;
				GCC_WARN_ABOUT_RETURN_TYPE = YES_ERROR;
				GCC_WARN_UNDECLARED_SELECTOR = YES;
				GCC_WARN_UNINITIALIZED_AUTOS = YES_AGGRESSIVE;
				GCC_WARN_UNUSED_FUNCTION = YES;
				GCC_WARN_UNUSED_VARIABLE = YES;
				IPHONEOS_DEPLOYMENT_TARGET = 16.4;
				MTL_ENABLE_DEBUG_INFO = NO;
				MTL_FAST_MATH = YES;
				SDKROOT = iphoneos;
				SWIFT_COMPILATION_MODE = wholemodule;
				SWIFT_OPTIMIZATION_LEVEL = "-O";
				VALIDATE_PRODUCT = YES;
			};
			name = Release;
		};
		C4A8FA502AF55F0C005F1C1D /* Debug */ = {
			isa = XCBuildConfiguration;
			buildSettings = {
				ASSETCATALOG_COMPILER_APPICON_NAME = AppIcon;
				ASSETCATALOG_COMPILER_GLOBAL_ACCENT_COLOR_NAME = AccentColor;
				CODE_SIGN_STYLE = Automatic;
				CURRENT_PROJECT_VERSION = 1;
				DEVELOPMENT_TEAM = 2K6R4XFXZB;
				GENERATE_INFOPLIST_FILE = YES;
				INFOPLIST_FILE = "MovieListChallenge/Supporting Files/Info.plist";
				INFOPLIST_KEY_UIApplicationSupportsIndirectInputEvents = YES;
				INFOPLIST_KEY_UILaunchStoryboardName = LaunchScreen;
				INFOPLIST_KEY_UISupportedInterfaceOrientations_iPad = "UIInterfaceOrientationPortrait UIInterfaceOrientationPortraitUpsideDown UIInterfaceOrientationLandscapeLeft UIInterfaceOrientationLandscapeRight";
				INFOPLIST_KEY_UISupportedInterfaceOrientations_iPhone = "UIInterfaceOrientationPortrait UIInterfaceOrientationLandscapeLeft UIInterfaceOrientationLandscapeRight";
				LD_RUNPATH_SEARCH_PATHS = (
					"$(inherited)",
					"@executable_path/Frameworks",
				);
				MARKETING_VERSION = 1.0;
				PRODUCT_BUNDLE_IDENTIFIER = sezgin.ciftci.MovieListChallenge;
				PRODUCT_NAME = "$(TARGET_NAME)";
				SWIFT_EMIT_LOC_STRINGS = YES;
				SWIFT_VERSION = 5.0;
				TARGETED_DEVICE_FAMILY = "1,2";
			};
			name = Debug;
		};
		C4A8FA512AF55F0C005F1C1D /* Release */ = {
			isa = XCBuildConfiguration;
			buildSettings = {
				ASSETCATALOG_COMPILER_APPICON_NAME = AppIcon;
				ASSETCATALOG_COMPILER_GLOBAL_ACCENT_COLOR_NAME = AccentColor;
				CODE_SIGN_STYLE = Automatic;
				CURRENT_PROJECT_VERSION = 1;
				DEVELOPMENT_TEAM = 2K6R4XFXZB;
				GENERATE_INFOPLIST_FILE = YES;
				INFOPLIST_FILE = "MovieListChallenge/Supporting Files/Info.plist";
				INFOPLIST_KEY_UIApplicationSupportsIndirectInputEvents = YES;
				INFOPLIST_KEY_UILaunchStoryboardName = LaunchScreen;
				INFOPLIST_KEY_UISupportedInterfaceOrientations_iPad = "UIInterfaceOrientationPortrait UIInterfaceOrientationPortraitUpsideDown UIInterfaceOrientationLandscapeLeft UIInterfaceOrientationLandscapeRight";
				INFOPLIST_KEY_UISupportedInterfaceOrientations_iPhone = "UIInterfaceOrientationPortrait UIInterfaceOrientationLandscapeLeft UIInterfaceOrientationLandscapeRight";
				LD_RUNPATH_SEARCH_PATHS = (
					"$(inherited)",
					"@executable_path/Frameworks",
				);
				MARKETING_VERSION = 1.0;
				PRODUCT_BUNDLE_IDENTIFIER = sezgin.ciftci.MovieListChallenge;
				PRODUCT_NAME = "$(TARGET_NAME)";
				SWIFT_EMIT_LOC_STRINGS = YES;
				SWIFT_VERSION = 5.0;
				TARGETED_DEVICE_FAMILY = "1,2";
			};
			name = Release;
		};
		C4A8FA532AF55F0C005F1C1D /* Debug */ = {
			isa = XCBuildConfiguration;
			buildSettings = {
				ALWAYS_EMBED_SWIFT_STANDARD_LIBRARIES = YES;
				BUNDLE_LOADER = "$(TEST_HOST)";
				CODE_SIGN_STYLE = Automatic;
				CURRENT_PROJECT_VERSION = 1;
				DEVELOPMENT_TEAM = 2K6R4XFXZB;
				GENERATE_INFOPLIST_FILE = YES;
				IPHONEOS_DEPLOYMENT_TARGET = 16.4;
				MARKETING_VERSION = 1.0;
				PRODUCT_BUNDLE_IDENTIFIER = sezgin.ciftci.MovieListChallengeTests;
				PRODUCT_NAME = "$(TARGET_NAME)";
				SWIFT_EMIT_LOC_STRINGS = NO;
				SWIFT_VERSION = 5.0;
				TARGETED_DEVICE_FAMILY = "1,2";
				TEST_HOST = "$(BUILT_PRODUCTS_DIR)/MovieListChallenge.app/$(BUNDLE_EXECUTABLE_FOLDER_PATH)/MovieListChallenge";
			};
			name = Debug;
		};
		C4A8FA542AF55F0C005F1C1D /* Release */ = {
			isa = XCBuildConfiguration;
			buildSettings = {
				ALWAYS_EMBED_SWIFT_STANDARD_LIBRARIES = YES;
				BUNDLE_LOADER = "$(TEST_HOST)";
				CODE_SIGN_STYLE = Automatic;
				CURRENT_PROJECT_VERSION = 1;
				DEVELOPMENT_TEAM = 2K6R4XFXZB;
				GENERATE_INFOPLIST_FILE = YES;
				IPHONEOS_DEPLOYMENT_TARGET = 16.4;
				MARKETING_VERSION = 1.0;
				PRODUCT_BUNDLE_IDENTIFIER = sezgin.ciftci.MovieListChallengeTests;
				PRODUCT_NAME = "$(TARGET_NAME)";
				SWIFT_EMIT_LOC_STRINGS = NO;
				SWIFT_VERSION = 5.0;
				TARGETED_DEVICE_FAMILY = "1,2";
				TEST_HOST = "$(BUILT_PRODUCTS_DIR)/MovieListChallenge.app/$(BUNDLE_EXECUTABLE_FOLDER_PATH)/MovieListChallenge";
			};
			name = Release;
		};
		C4A8FA562AF55F0C005F1C1D /* Debug */ = {
			isa = XCBuildConfiguration;
			buildSettings = {
				ALWAYS_EMBED_SWIFT_STANDARD_LIBRARIES = YES;
				CODE_SIGN_STYLE = Automatic;
				CURRENT_PROJECT_VERSION = 1;
				DEVELOPMENT_TEAM = 2K6R4XFXZB;
				GENERATE_INFOPLIST_FILE = YES;
				MARKETING_VERSION = 1.0;
				PRODUCT_BUNDLE_IDENTIFIER = sezgin.ciftci.MovieListChallengeUITests;
				PRODUCT_NAME = "$(TARGET_NAME)";
				SWIFT_EMIT_LOC_STRINGS = NO;
				SWIFT_VERSION = 5.0;
				TARGETED_DEVICE_FAMILY = "1,2";
				TEST_TARGET_NAME = MovieListChallenge;
			};
			name = Debug;
		};
		C4A8FA572AF55F0C005F1C1D /* Release */ = {
			isa = XCBuildConfiguration;
			buildSettings = {
				ALWAYS_EMBED_SWIFT_STANDARD_LIBRARIES = YES;
				CODE_SIGN_STYLE = Automatic;
				CURRENT_PROJECT_VERSION = 1;
				DEVELOPMENT_TEAM = 2K6R4XFXZB;
				GENERATE_INFOPLIST_FILE = YES;
				MARKETING_VERSION = 1.0;
				PRODUCT_BUNDLE_IDENTIFIER = sezgin.ciftci.MovieListChallengeUITests;
				PRODUCT_NAME = "$(TARGET_NAME)";
				SWIFT_EMIT_LOC_STRINGS = NO;
				SWIFT_VERSION = 5.0;
				TARGETED_DEVICE_FAMILY = "1,2";
				TEST_TARGET_NAME = MovieListChallenge;
			};
			name = Release;
		};
/* End XCBuildConfiguration section */

/* Begin XCConfigurationList section */
		C4A8FA202AF55F0B005F1C1D /* Build configuration list for PBXProject "MovieListChallenge" */ = {
			isa = XCConfigurationList;
			buildConfigurations = (
				C4A8FA4D2AF55F0C005F1C1D /* Debug */,
				C4A8FA4E2AF55F0C005F1C1D /* Release */,
			);
			defaultConfigurationIsVisible = 0;
			defaultConfigurationName = Release;
		};
		C4A8FA4F2AF55F0C005F1C1D /* Build configuration list for PBXNativeTarget "MovieListChallenge" */ = {
			isa = XCConfigurationList;
			buildConfigurations = (
				C4A8FA502AF55F0C005F1C1D /* Debug */,
				C4A8FA512AF55F0C005F1C1D /* Release */,
			);
			defaultConfigurationIsVisible = 0;
			defaultConfigurationName = Release;
		};
		C4A8FA522AF55F0C005F1C1D /* Build configuration list for PBXNativeTarget "MovieListChallengeTests" */ = {
			isa = XCConfigurationList;
			buildConfigurations = (
				C4A8FA532AF55F0C005F1C1D /* Debug */,
				C4A8FA542AF55F0C005F1C1D /* Release */,
			);
			defaultConfigurationIsVisible = 0;
			defaultConfigurationName = Release;
		};
		C4A8FA552AF55F0C005F1C1D /* Build configuration list for PBXNativeTarget "MovieListChallengeUITests" */ = {
			isa = XCConfigurationList;
			buildConfigurations = (
				C4A8FA562AF55F0C005F1C1D /* Debug */,
				C4A8FA572AF55F0C005F1C1D /* Release */,
			);
			defaultConfigurationIsVisible = 0;
			defaultConfigurationName = Release;
		};
/* End XCConfigurationList section */

/* Begin XCRemoteSwiftPackageReference section */
		C40F9D5F2AF5683600AD748C /* XCRemoteSwiftPackageReference "Alamofire" */ = {
			isa = XCRemoteSwiftPackageReference;
			repositoryURL = "https://github.com/Alamofire/Alamofire.git";
			requirement = {
				kind = upToNextMajorVersion;
				minimumVersion = 5.0.0;
			};
		};
		C40F9D892AF65ECF00AD748C /* XCRemoteSwiftPackageReference "Kingfisher" */ = {
			isa = XCRemoteSwiftPackageReference;
			repositoryURL = "https://github.com/onevcat/Kingfisher.git";
			requirement = {
				kind = upToNextMajorVersion;
				minimumVersion = 7.0.0;
			};
		};
/* End XCRemoteSwiftPackageReference section */

/* Begin XCSwiftPackageProductDependency section */
		C40F9D602AF5683600AD748C /* Alamofire */ = {
			isa = XCSwiftPackageProductDependency;
			package = C40F9D5F2AF5683600AD748C /* XCRemoteSwiftPackageReference "Alamofire" */;
			productName = Alamofire;
		};
		C40F9D8A2AF65ECF00AD748C /* Kingfisher */ = {
			isa = XCSwiftPackageProductDependency;
			package = C40F9D892AF65ECF00AD748C /* XCRemoteSwiftPackageReference "Kingfisher" */;
			productName = Kingfisher;
		};
/* End XCSwiftPackageProductDependency section */
	};
	rootObject = C4A8FA1D2AF55F0B005F1C1D /* Project object */;
}
